// !$*UTF8*$!
{
	archiveVersion = 1;
	classes = {
	};
	objectVersion = 55;
	objects = {

/* Begin PBXBuildFile section */
		0D3C90ACCB648E75513DC7E4 /* Pods_Recipe_Search.framework in Frameworks */ = {isa = PBXBuildFile; fileRef = 602B3FEAB5B3E86D2D574FA2 /* Pods_Recipe_Search.framework */; };
		160A59DB28B71FF300004C4F /* AppDelegate.swift in Sources */ = {isa = PBXBuildFile; fileRef = 160A59DA28B71FF300004C4F /* AppDelegate.swift */; };
		160A59DD28B71FF300004C4F /* SceneDelegate.swift in Sources */ = {isa = PBXBuildFile; fileRef = 160A59DC28B71FF300004C4F /* SceneDelegate.swift */; };
		160A59E228B71FF300004C4F /* Main.storyboard in Resources */ = {isa = PBXBuildFile; fileRef = 160A59E028B71FF300004C4F /* Main.storyboard */; };
		160A59E428B71FF500004C4F /* Assets.xcassets in Resources */ = {isa = PBXBuildFile; fileRef = 160A59E328B71FF500004C4F /* Assets.xcassets */; };
		160A59E728B71FF500004C4F /* LaunchScreen.storyboard in Resources */ = {isa = PBXBuildFile; fileRef = 160A59E528B71FF500004C4F /* LaunchScreen.storyboard */; };
		160A59F228B71FF500004C4F /* Recipe_SearchTests.swift in Sources */ = {isa = PBXBuildFile; fileRef = 160A59F128B71FF500004C4F /* Recipe_SearchTests.swift */; };
		160A59FC28B71FF500004C4F /* Recipe_SearchUITests.swift in Sources */ = {isa = PBXBuildFile; fileRef = 160A59FB28B71FF500004C4F /* Recipe_SearchUITests.swift */; };
		160A59FE28B71FF500004C4F /* Recipe_SearchUITestsLaunchTests.swift in Sources */ = {isa = PBXBuildFile; fileRef = 160A59FD28B71FF500004C4F /* Recipe_SearchUITestsLaunchTests.swift */; };
		160A5A0D28B723FC00004C4F /* RecipesSearchViewController.swift in Sources */ = {isa = PBXBuildFile; fileRef = 160A5A0C28B723FC00004C4F /* RecipesSearchViewController.swift */; };
		160A5A1128B72A6500004C4F /* RecipeTableViewCell.swift in Sources */ = {isa = PBXBuildFile; fileRef = 160A5A0F28B72A6500004C4F /* RecipeTableViewCell.swift */; };
		160A5A1228B72A6500004C4F /* RecipeTableViewCell.xib in Resources */ = {isa = PBXBuildFile; fileRef = 160A5A1028B72A6500004C4F /* RecipeTableViewCell.xib */; };
		160A5A1628B73A9900004C4F /* APIClient.swift in Sources */ = {isa = PBXBuildFile; fileRef = 160A5A1528B73A9900004C4F /* APIClient.swift */; };
		160A5A1828B73AA800004C4F /* EndPoints.swift in Sources */ = {isa = PBXBuildFile; fileRef = 160A5A1728B73AA800004C4F /* EndPoints.swift */; };
		160A5A1A28B73AC100004C4F /* NetworkServiceProtocol.swift in Sources */ = {isa = PBXBuildFile; fileRef = 160A5A1928B73AC100004C4F /* NetworkServiceProtocol.swift */; };
		160A5A1D28B75AE300004C4F /* RecipeSearch.swift in Sources */ = {isa = PBXBuildFile; fileRef = 160A5A1C28B75AE300004C4F /* RecipeSearch.swift */; };
		160A5A2128B760E700004C4F /* RecipeSearchViewModel.swift in Sources */ = {isa = PBXBuildFile; fileRef = 160A5A2028B760E700004C4F /* RecipeSearchViewModel.swift */; };
		163CD6A628B9A51700D5A80D /* ViewController + Extention .swift in Sources */ = {isa = PBXBuildFile; fileRef = 163CD6A528B9A51700D5A80D /* ViewController + Extention .swift */; };
		1680606328B78A04003C8614 /* RecipeDetailsViewController.swift in Sources */ = {isa = PBXBuildFile; fileRef = 1680606228B78A04003C8614 /* RecipeDetailsViewController.swift */; };
		1680606728B78D91003C8614 /* IngredientLinesTableViewCell.swift in Sources */ = {isa = PBXBuildFile; fileRef = 1680606528B78D90003C8614 /* IngredientLinesTableViewCell.swift */; };
		1680606828B78D91003C8614 /* IngredientLinesTableViewCell.xib in Resources */ = {isa = PBXBuildFile; fileRef = 1680606628B78D91003C8614 /* IngredientLinesTableViewCell.xib */; };
		2A73A8367D4832F9FF7A9A69 /* Pods_Recipe_Search_Recipe_SearchUITests.framework in Frameworks */ = {isa = PBXBuildFile; fileRef = CE3E8C36533E44AD0B971B1F /* Pods_Recipe_Search_Recipe_SearchUITests.framework */; };
		D79C1C397D5CC1B7E8BDA013 /* Pods_Recipe_SearchTests.framework in Frameworks */ = {isa = PBXBuildFile; fileRef = 365171821702D8320B1AC84D /* Pods_Recipe_SearchTests.framework */; };
/* End PBXBuildFile section */

/* Begin PBXContainerItemProxy section */
		160A59EE28B71FF500004C4F /* PBXContainerItemProxy */ = {
			isa = PBXContainerItemProxy;
			containerPortal = 160A59CF28B71FF300004C4F /* Project object */;
			proxyType = 1;
			remoteGlobalIDString = 160A59D628B71FF300004C4F;
			remoteInfo = "Recipe Search";
		};
		160A59F828B71FF500004C4F /* PBXContainerItemProxy */ = {
			isa = PBXContainerItemProxy;
			containerPortal = 160A59CF28B71FF300004C4F /* Project object */;
			proxyType = 1;
			remoteGlobalIDString = 160A59D628B71FF300004C4F;
			remoteInfo = "Recipe Search";
		};
/* End PBXContainerItemProxy section */

/* Begin PBXFileReference section */
		038D99E94A7F5DA901FC65D1 /* Pods-Recipe Search.debug.xcconfig */ = {isa = PBXFileReference; includeInIndex = 1; lastKnownFileType = text.xcconfig; name = "Pods-Recipe Search.debug.xcconfig"; path = "Target Support Files/Pods-Recipe Search/Pods-Recipe Search.debug.xcconfig"; sourceTree = "<group>"; };
		160A59D728B71FF300004C4F /* Recipe Search.app */ = {isa = PBXFileReference; explicitFileType = wrapper.application; includeInIndex = 0; path = "Recipe Search.app"; sourceTree = BUILT_PRODUCTS_DIR; };
		160A59DA28B71FF300004C4F /* AppDelegate.swift */ = {isa = PBXFileReference; lastKnownFileType = sourcecode.swift; path = AppDelegate.swift; sourceTree = "<group>"; };
		160A59DC28B71FF300004C4F /* SceneDelegate.swift */ = {isa = PBXFileReference; lastKnownFileType = sourcecode.swift; path = SceneDelegate.swift; sourceTree = "<group>"; };
		160A59E128B71FF300004C4F /* Base */ = {isa = PBXFileReference; lastKnownFileType = file.storyboard; name = Base; path = Base.lproj/Main.storyboard; sourceTree = "<group>"; };
		160A59E328B71FF500004C4F /* Assets.xcassets */ = {isa = PBXFileReference; lastKnownFileType = folder.assetcatalog; path = Assets.xcassets; sourceTree = "<group>"; };
		160A59E628B71FF500004C4F /* Base */ = {isa = PBXFileReference; lastKnownFileType = file.storyboard; name = Base; path = Base.lproj/LaunchScreen.storyboard; sourceTree = "<group>"; };
		160A59E828B71FF500004C4F /* Info.plist */ = {isa = PBXFileReference; lastKnownFileType = text.plist.xml; path = Info.plist; sourceTree = "<group>"; };
		160A59ED28B71FF500004C4F /* Recipe SearchTests.xctest */ = {isa = PBXFileReference; explicitFileType = wrapper.cfbundle; includeInIndex = 0; path = "Recipe SearchTests.xctest"; sourceTree = BUILT_PRODUCTS_DIR; };
		160A59F128B71FF500004C4F /* Recipe_SearchTests.swift */ = {isa = PBXFileReference; lastKnownFileType = sourcecode.swift; path = Recipe_SearchTests.swift; sourceTree = "<group>"; };
		160A59F728B71FF500004C4F /* Recipe SearchUITests.xctest */ = {isa = PBXFileReference; explicitFileType = wrapper.cfbundle; includeInIndex = 0; path = "Recipe SearchUITests.xctest"; sourceTree = BUILT_PRODUCTS_DIR; };
		160A59FB28B71FF500004C4F /* Recipe_SearchUITests.swift */ = {isa = PBXFileReference; lastKnownFileType = sourcecode.swift; path = Recipe_SearchUITests.swift; sourceTree = "<group>"; };
		160A59FD28B71FF500004C4F /* Recipe_SearchUITestsLaunchTests.swift */ = {isa = PBXFileReference; lastKnownFileType = sourcecode.swift; path = Recipe_SearchUITestsLaunchTests.swift; sourceTree = "<group>"; };
		160A5A0C28B723FC00004C4F /* RecipesSearchViewController.swift */ = {isa = PBXFileReference; lastKnownFileType = sourcecode.swift; path = RecipesSearchViewController.swift; sourceTree = "<group>"; };
		160A5A0F28B72A6500004C4F /* RecipeTableViewCell.swift */ = {isa = PBXFileReference; lastKnownFileType = sourcecode.swift; path = RecipeTableViewCell.swift; sourceTree = "<group>"; };
		160A5A1028B72A6500004C4F /* RecipeTableViewCell.xib */ = {isa = PBXFileReference; lastKnownFileType = file.xib; path = RecipeTableViewCell.xib; sourceTree = "<group>"; };
		160A5A1528B73A9900004C4F /* APIClient.swift */ = {isa = PBXFileReference; lastKnownFileType = sourcecode.swift; path = APIClient.swift; sourceTree = "<group>"; };
		160A5A1728B73AA800004C4F /* EndPoints.swift */ = {isa = PBXFileReference; lastKnownFileType = sourcecode.swift; path = EndPoints.swift; sourceTree = "<group>"; };
		160A5A1928B73AC100004C4F /* NetworkServiceProtocol.swift */ = {isa = PBXFileReference; lastKnownFileType = sourcecode.swift; path = NetworkServiceProtocol.swift; sourceTree = "<group>"; };
		160A5A1C28B75AE300004C4F /* RecipeSearch.swift */ = {isa = PBXFileReference; lastKnownFileType = sourcecode.swift; path = RecipeSearch.swift; sourceTree = "<group>"; };
		160A5A2028B760E700004C4F /* RecipeSearchViewModel.swift */ = {isa = PBXFileReference; lastKnownFileType = sourcecode.swift; path = RecipeSearchViewModel.swift; sourceTree = "<group>"; };
		163CD6A528B9A51700D5A80D /* ViewController + Extention .swift */ = {isa = PBXFileReference; lastKnownFileType = sourcecode.swift; path = "ViewController + Extention .swift"; sourceTree = "<group>"; };
		1680606228B78A04003C8614 /* RecipeDetailsViewController.swift */ = {isa = PBXFileReference; lastKnownFileType = sourcecode.swift; path = RecipeDetailsViewController.swift; sourceTree = "<group>"; };
		1680606528B78D90003C8614 /* IngredientLinesTableViewCell.swift */ = {isa = PBXFileReference; lastKnownFileType = sourcecode.swift; path = IngredientLinesTableViewCell.swift; sourceTree = "<group>"; };
		1680606628B78D91003C8614 /* IngredientLinesTableViewCell.xib */ = {isa = PBXFileReference; lastKnownFileType = file.xib; path = IngredientLinesTableViewCell.xib; sourceTree = "<group>"; };
		365171821702D8320B1AC84D /* Pods_Recipe_SearchTests.framework */ = {isa = PBXFileReference; explicitFileType = wrapper.framework; includeInIndex = 0; path = Pods_Recipe_SearchTests.framework; sourceTree = BUILT_PRODUCTS_DIR; };
		422CF0EE53D9DE094AD850F4 /* Pods-Recipe Search-Recipe SearchUITests.debug.xcconfig */ = {isa = PBXFileReference; includeInIndex = 1; lastKnownFileType = text.xcconfig; name = "Pods-Recipe Search-Recipe SearchUITests.debug.xcconfig"; path = "Target Support Files/Pods-Recipe Search-Recipe SearchUITests/Pods-Recipe Search-Recipe SearchUITests.debug.xcconfig"; sourceTree = "<group>"; };
		55E7E2A46DDDF138B563A4D7 /* Pods-Recipe SearchTests.debug.xcconfig */ = {isa = PBXFileReference; includeInIndex = 1; lastKnownFileType = text.xcconfig; name = "Pods-Recipe SearchTests.debug.xcconfig"; path = "Target Support Files/Pods-Recipe SearchTests/Pods-Recipe SearchTests.debug.xcconfig"; sourceTree = "<group>"; };
		602B3FEAB5B3E86D2D574FA2 /* Pods_Recipe_Search.framework */ = {isa = PBXFileReference; explicitFileType = wrapper.framework; includeInIndex = 0; path = Pods_Recipe_Search.framework; sourceTree = BUILT_PRODUCTS_DIR; };
		A19FE288718D4F02C0617A26 /* Pods-Recipe SearchTests.release.xcconfig */ = {isa = PBXFileReference; includeInIndex = 1; lastKnownFileType = text.xcconfig; name = "Pods-Recipe SearchTests.release.xcconfig"; path = "Target Support Files/Pods-Recipe SearchTests/Pods-Recipe SearchTests.release.xcconfig"; sourceTree = "<group>"; };
		A3E4519AC29B9A63AED052F3 /* Pods-Recipe Search.release.xcconfig */ = {isa = PBXFileReference; includeInIndex = 1; lastKnownFileType = text.xcconfig; name = "Pods-Recipe Search.release.xcconfig"; path = "Target Support Files/Pods-Recipe Search/Pods-Recipe Search.release.xcconfig"; sourceTree = "<group>"; };
		CE3E8C36533E44AD0B971B1F /* Pods_Recipe_Search_Recipe_SearchUITests.framework */ = {isa = PBXFileReference; explicitFileType = wrapper.framework; includeInIndex = 0; path = Pods_Recipe_Search_Recipe_SearchUITests.framework; sourceTree = BUILT_PRODUCTS_DIR; };
		DFBC365338C199735FF33D05 /* Pods-Recipe Search-Recipe SearchUITests.release.xcconfig */ = {isa = PBXFileReference; includeInIndex = 1; lastKnownFileType = text.xcconfig; name = "Pods-Recipe Search-Recipe SearchUITests.release.xcconfig"; path = "Target Support Files/Pods-Recipe Search-Recipe SearchUITests/Pods-Recipe Search-Recipe SearchUITests.release.xcconfig"; sourceTree = "<group>"; };
/* End PBXFileReference section */

/* Begin PBXFrameworksBuildPhase section */
		160A59D428B71FF300004C4F /* Frameworks */ = {
			isa = PBXFrameworksBuildPhase;
			buildActionMask = 2147483647;
			files = (
				0D3C90ACCB648E75513DC7E4 /* Pods_Recipe_Search.framework in Frameworks */,
			);
			runOnlyForDeploymentPostprocessing = 0;
		};
		160A59EA28B71FF500004C4F /* Frameworks */ = {
			isa = PBXFrameworksBuildPhase;
			buildActionMask = 2147483647;
			files = (
				D79C1C397D5CC1B7E8BDA013 /* Pods_Recipe_SearchTests.framework in Frameworks */,
			);
			runOnlyForDeploymentPostprocessing = 0;
		};
		160A59F428B71FF500004C4F /* Frameworks */ = {
			isa = PBXFrameworksBuildPhase;
			buildActionMask = 2147483647;
			files = (
				2A73A8367D4832F9FF7A9A69 /* Pods_Recipe_Search_Recipe_SearchUITests.framework in Frameworks */,
			);
			runOnlyForDeploymentPostprocessing = 0;
		};
/* End PBXFrameworksBuildPhase section */

/* Begin PBXGroup section */
		160A59CE28B71FF300004C4F = {
			isa = PBXGroup;
			children = (
				160A59D928B71FF300004C4F /* Recipe Search */,
				160A59F028B71FF500004C4F /* Recipe SearchTests */,
				160A59FA28B71FF500004C4F /* Recipe SearchUITests */,
				160A59D828B71FF300004C4F /* Products */,
				C684F1EF58F6F28281704618 /* Pods */,
				8DE5CC4950D055459846107E /* Frameworks */,
			);
			sourceTree = "<group>";
		};
		160A59D828B71FF300004C4F /* Products */ = {
			isa = PBXGroup;
			children = (
				160A59D728B71FF300004C4F /* Recipe Search.app */,
				160A59ED28B71FF500004C4F /* Recipe SearchTests.xctest */,
				160A59F728B71FF500004C4F /* Recipe SearchUITests.xctest */,
			);
			name = Products;
			sourceTree = "<group>";
		};
		160A59D928B71FF300004C4F /* Recipe Search */ = {
			isa = PBXGroup;
			children = (
				163CD6A428B9A4C300D5A80D /* Extension */,
				160A5A1B28B75AC800004C4F /* Model */,
				1646E3BE28B8E2EE00F339E1 /* ViewModel */,
				1646E3BD28B8E2B200F339E1 /* Views */,
				160A5A1428B73A4900004C4F /* Network */,
				160A5A1328B736DF00004C4F /* Main */,
				160A5A0A28B7206C00004C4F /* AppDelegate */,
				160A59E828B71FF500004C4F /* Info.plist */,
			);
			path = "Recipe Search";
			sourceTree = "<group>";
		};
		160A59F028B71FF500004C4F /* Recipe SearchTests */ = {
			isa = PBXGroup;
			children = (
				160A59F128B71FF500004C4F /* Recipe_SearchTests.swift */,
			);
			path = "Recipe SearchTests";
			sourceTree = "<group>";
		};
		160A59FA28B71FF500004C4F /* Recipe SearchUITests */ = {
			isa = PBXGroup;
			children = (
				160A59FB28B71FF500004C4F /* Recipe_SearchUITests.swift */,
				160A59FD28B71FF500004C4F /* Recipe_SearchUITestsLaunchTests.swift */,
			);
			path = "Recipe SearchUITests";
			sourceTree = "<group>";
		};
		160A5A0A28B7206C00004C4F /* AppDelegate */ = {
			isa = PBXGroup;
			children = (
				160A59DC28B71FF300004C4F /* SceneDelegate.swift */,
				160A59DA28B71FF300004C4F /* AppDelegate.swift */,
			);
			path = AppDelegate;
			sourceTree = "<group>";
		};
		160A5A0E28B729F600004C4F /* Cell */ = {
			isa = PBXGroup;
			children = (
				160A5A0F28B72A6500004C4F /* RecipeTableViewCell.swift */,
				160A5A1028B72A6500004C4F /* RecipeTableViewCell.xib */,
			);
			path = Cell;
			sourceTree = "<group>";
		};
		160A5A1328B736DF00004C4F /* Main */ = {
			isa = PBXGroup;
			children = (
				160A59E528B71FF500004C4F /* LaunchScreen.storyboard */,
				160A59E328B71FF500004C4F /* Assets.xcassets */,
				160A59E028B71FF300004C4F /* Main.storyboard */,
			);
			path = Main;
			sourceTree = "<group>";
		};
		160A5A1428B73A4900004C4F /* Network */ = {
			isa = PBXGroup;
			children = (
				160A5A1528B73A9900004C4F /* APIClient.swift */,
				160A5A1728B73AA800004C4F /* EndPoints.swift */,
				160A5A1928B73AC100004C4F /* NetworkServiceProtocol.swift */,
			);
			path = Network;
			sourceTree = "<group>";
		};
		160A5A1B28B75AC800004C4F /* Model */ = {
			isa = PBXGroup;
			children = (
				160A5A1C28B75AE300004C4F /* RecipeSearch.swift */,
			);
			path = Model;
			sourceTree = "<group>";
		};
		160A5A1F28B760B200004C4F /* RecipesSearch */ = {
			isa = PBXGroup;
			children = (
				160A5A0C28B723FC00004C4F /* RecipesSearchViewController.swift */,
				160A5A0E28B729F600004C4F /* Cell */,
			);
			path = RecipesSearch;
			sourceTree = "<group>";
		};
		163CD6A428B9A4C300D5A80D /* Extension */ = {
			isa = PBXGroup;
			children = (
				163CD6A528B9A51700D5A80D /* ViewController + Extention .swift */,
			);
			path = Extension;
			sourceTree = "<group>";
		};
		1646E3BD28B8E2B200F339E1 /* Views */ = {
			isa = PBXGroup;
			children = (
				160A5A1F28B760B200004C4F /* RecipesSearch */,
				1680605E28B78924003C8614 /* RecipeDetails */,
			);
			path = Views;
			sourceTree = "<group>";
		};
		1646E3BE28B8E2EE00F339E1 /* ViewModel */ = {
			isa = PBXGroup;
			children = (
				160A5A2028B760E700004C4F /* RecipeSearchViewModel.swift */,
			);
			path = ViewModel;
			sourceTree = "<group>";
		};
		1680605E28B78924003C8614 /* RecipeDetails */ = {
			isa = PBXGroup;
			children = (
				1680606228B78A04003C8614 /* RecipeDetailsViewController.swift */,
				1680606428B78CC3003C8614 /* Cell */,
			);
			path = RecipeDetails;
			sourceTree = "<group>";
		};
		1680606428B78CC3003C8614 /* Cell */ = {
			isa = PBXGroup;
			children = (
				1680606528B78D90003C8614 /* IngredientLinesTableViewCell.swift */,
				1680606628B78D91003C8614 /* IngredientLinesTableViewCell.xib */,
			);
			path = Cell;
			sourceTree = "<group>";
		};
		8DE5CC4950D055459846107E /* Frameworks */ = {
			isa = PBXGroup;
			children = (
				602B3FEAB5B3E86D2D574FA2 /* Pods_Recipe_Search.framework */,
				CE3E8C36533E44AD0B971B1F /* Pods_Recipe_Search_Recipe_SearchUITests.framework */,
				365171821702D8320B1AC84D /* Pods_Recipe_SearchTests.framework */,
			);
			name = Frameworks;
			sourceTree = "<group>";
		};
		C684F1EF58F6F28281704618 /* Pods */ = {
			isa = PBXGroup;
			children = (
				038D99E94A7F5DA901FC65D1 /* Pods-Recipe Search.debug.xcconfig */,
				A3E4519AC29B9A63AED052F3 /* Pods-Recipe Search.release.xcconfig */,
				422CF0EE53D9DE094AD850F4 /* Pods-Recipe Search-Recipe SearchUITests.debug.xcconfig */,
				DFBC365338C199735FF33D05 /* Pods-Recipe Search-Recipe SearchUITests.release.xcconfig */,
				55E7E2A46DDDF138B563A4D7 /* Pods-Recipe SearchTests.debug.xcconfig */,
				A19FE288718D4F02C0617A26 /* Pods-Recipe SearchTests.release.xcconfig */,
			);
			path = Pods;
			sourceTree = "<group>";
		};
/* End PBXGroup section */

/* Begin PBXNativeTarget section */
		160A59D628B71FF300004C4F /* Recipe Search */ = {
			isa = PBXNativeTarget;
			buildConfigurationList = 160A5A0128B71FF500004C4F /* Build configuration list for PBXNativeTarget "Recipe Search" */;
			buildPhases = (
				BF26336B6F96FBD107FE3717 /* [CP] Check Pods Manifest.lock */,
				160A59D328B71FF300004C4F /* Sources */,
				160A59D428B71FF300004C4F /* Frameworks */,
				160A59D528B71FF300004C4F /* Resources */,
				3ABF0947000C5EB626891AEE /* [CP] Embed Pods Frameworks */,
			);
			buildRules = (
			);
			dependencies = (
			);
			name = "Recipe Search";
			productName = "Recipe Search";
			productReference = 160A59D728B71FF300004C4F /* Recipe Search.app */;
			productType = "com.apple.product-type.application";
		};
		160A59EC28B71FF500004C4F /* Recipe SearchTests */ = {
			isa = PBXNativeTarget;
			buildConfigurationList = 160A5A0428B71FF500004C4F /* Build configuration list for PBXNativeTarget "Recipe SearchTests" */;
			buildPhases = (
				1F4C8A5C6812D3E501BC4CE7 /* [CP] Check Pods Manifest.lock */,
				160A59E928B71FF500004C4F /* Sources */,
				160A59EA28B71FF500004C4F /* Frameworks */,
				160A59EB28B71FF500004C4F /* Resources */,
			);
			buildRules = (
			);
			dependencies = (
				160A59EF28B71FF500004C4F /* PBXTargetDependency */,
			);
			name = "Recipe SearchTests";
			productName = "Recipe SearchTests";
			productReference = 160A59ED28B71FF500004C4F /* Recipe SearchTests.xctest */;
			productType = "com.apple.product-type.bundle.unit-test";
		};
		160A59F628B71FF500004C4F /* Recipe SearchUITests */ = {
			isa = PBXNativeTarget;
			buildConfigurationList = 160A5A0728B71FF500004C4F /* Build configuration list for PBXNativeTarget "Recipe SearchUITests" */;
			buildPhases = (
				68916FD9C353CA8A181C8AAB /* [CP] Check Pods Manifest.lock */,
				160A59F328B71FF500004C4F /* Sources */,
				160A59F428B71FF500004C4F /* Frameworks */,
				160A59F528B71FF500004C4F /* Resources */,
				9415BF961782892CA2ADDB4C /* [CP] Embed Pods Frameworks */,
			);
			buildRules = (
			);
			dependencies = (
				160A59F928B71FF500004C4F /* PBXTargetDependency */,
			);
			name = "Recipe SearchUITests";
			productName = "Recipe SearchUITests";
			productReference = 160A59F728B71FF500004C4F /* Recipe SearchUITests.xctest */;
			productType = "com.apple.product-type.bundle.ui-testing";
		};
/* End PBXNativeTarget section */

/* Begin PBXProject section */
		160A59CF28B71FF300004C4F /* Project object */ = {
			isa = PBXProject;
			attributes = {
				BuildIndependentTargetsInParallel = 1;
				LastSwiftUpdateCheck = 1320;
				LastUpgradeCheck = 1320;
				TargetAttributes = {
					160A59D628B71FF300004C4F = {
						CreatedOnToolsVersion = 13.2.1;
					};
					160A59EC28B71FF500004C4F = {
						CreatedOnToolsVersion = 13.2.1;
						TestTargetID = 160A59D628B71FF300004C4F;
					};
					160A59F628B71FF500004C4F = {
						CreatedOnToolsVersion = 13.2.1;
						TestTargetID = 160A59D628B71FF300004C4F;
					};
				};
			};
			buildConfigurationList = 160A59D228B71FF300004C4F /* Build configuration list for PBXProject "Recipe Search" */;
			compatibilityVersion = "Xcode 13.0";
			developmentRegion = en;
			hasScannedForEncodings = 0;
			knownRegions = (
				en,
				Base,
			);
			mainGroup = 160A59CE28B71FF300004C4F;
			productRefGroup = 160A59D828B71FF300004C4F /* Products */;
			projectDirPath = "";
			projectRoot = "";
			targets = (
				160A59D628B71FF300004C4F /* Recipe Search */,
				160A59EC28B71FF500004C4F /* Recipe SearchTests */,
				160A59F628B71FF500004C4F /* Recipe SearchUITests */,
			);
		};
/* End PBXProject section */

/* Begin PBXResourcesBuildPhase section */
		160A59D528B71FF300004C4F /* Resources */ = {
			isa = PBXResourcesBuildPhase;
			buildActionMask = 2147483647;
			files = (
				160A59E728B71FF500004C4F /* LaunchScreen.storyboard in Resources */,
				160A59E428B71FF500004C4F /* Assets.xcassets in Resources */,
				1680606828B78D91003C8614 /* IngredientLinesTableViewCell.xib in Resources */,
				160A59E228B71FF300004C4F /* Main.storyboard in Resources */,
				160A5A1228B72A6500004C4F /* RecipeTableViewCell.xib in Resources */,
			);
			runOnlyForDeploymentPostprocessing = 0;
		};
		160A59EB28B71FF500004C4F /* Resources */ = {
			isa = PBXResourcesBuildPhase;
			buildActionMask = 2147483647;
			files = (
			);
			runOnlyForDeploymentPostprocessing = 0;
		};
		160A59F528B71FF500004C4F /* Resources */ = {
			isa = PBXResourcesBuildPhase;
			buildActionMask = 2147483647;
			files = (
			);
			runOnlyForDeploymentPostprocessing = 0;
		};
/* End PBXResourcesBuildPhase section */

/* Begin PBXShellScriptBuildPhase section */
		1F4C8A5C6812D3E501BC4CE7 /* [CP] Check Pods Manifest.lock */ = {
			isa = PBXShellScriptBuildPhase;
			buildActionMask = 2147483647;
			files = (
			);
			inputFileListPaths = (
			);
			inputPaths = (
				"${PODS_PODFILE_DIR_PATH}/Podfile.lock",
				"${PODS_ROOT}/Manifest.lock",
			);
			name = "[CP] Check Pods Manifest.lock";
			outputFileListPaths = (
			);
			outputPaths = (
				"$(DERIVED_FILE_DIR)/Pods-Recipe SearchTests-checkManifestLockResult.txt",
			);
			runOnlyForDeploymentPostprocessing = 0;
			shellPath = /bin/sh;
			shellScript = "diff \"${PODS_PODFILE_DIR_PATH}/Podfile.lock\" \"${PODS_ROOT}/Manifest.lock\" > /dev/null\nif [ $? != 0 ] ; then\n    # print error to STDERR\n    echo \"error: The sandbox is not in sync with the Podfile.lock. Run 'pod install' or update your CocoaPods installation.\" >&2\n    exit 1\nfi\n# This output is used by Xcode 'outputs' to avoid re-running this script phase.\necho \"SUCCESS\" > \"${SCRIPT_OUTPUT_FILE_0}\"\n";
			showEnvVarsInLog = 0;
		};
		3ABF0947000C5EB626891AEE /* [CP] Embed Pods Frameworks */ = {
			isa = PBXShellScriptBuildPhase;
			buildActionMask = 2147483647;
			files = (
			);
			inputFileListPaths = (
				"${PODS_ROOT}/Target Support Files/Pods-Recipe Search/Pods-Recipe Search-frameworks-${CONFIGURATION}-input-files.xcfilelist",
			);
			name = "[CP] Embed Pods Frameworks";
			outputFileListPaths = (
				"${PODS_ROOT}/Target Support Files/Pods-Recipe Search/Pods-Recipe Search-frameworks-${CONFIGURATION}-output-files.xcfilelist",
			);
			runOnlyForDeploymentPostprocessing = 0;
			shellPath = /bin/sh;
			shellScript = "\"${PODS_ROOT}/Target Support Files/Pods-Recipe Search/Pods-Recipe Search-frameworks.sh\"\n";
			showEnvVarsInLog = 0;
		};
		68916FD9C353CA8A181C8AAB /* [CP] Check Pods Manifest.lock */ = {
			isa = PBXShellScriptBuildPhase;
			buildActionMask = 2147483647;
			files = (
			);
			inputFileListPaths = (
			);
			inputPaths = (
				"${PODS_PODFILE_DIR_PATH}/Podfile.lock",
				"${PODS_ROOT}/Manifest.lock",
			);
			name = "[CP] Check Pods Manifest.lock";
			outputFileListPaths = (
			);
			outputPaths = (
				"$(DERIVED_FILE_DIR)/Pods-Recipe Search-Recipe SearchUITests-checkManifestLockResult.txt",
			);
			runOnlyForDeploymentPostprocessing = 0;
			shellPath = /bin/sh;
			shellScript = "diff \"${PODS_PODFILE_DIR_PATH}/Podfile.lock\" \"${PODS_ROOT}/Manifest.lock\" > /dev/null\nif [ $? != 0 ] ; then\n    # print error to STDERR\n    echo \"error: The sandbox is not in sync with the Podfile.lock. Run 'pod install' or update your CocoaPods installation.\" >&2\n    exit 1\nfi\n# This output is used by Xcode 'outputs' to avoid re-running this script phase.\necho \"SUCCESS\" > \"${SCRIPT_OUTPUT_FILE_0}\"\n";
			showEnvVarsInLog = 0;
		};
		9415BF961782892CA2ADDB4C /* [CP] Embed Pods Frameworks */ = {
			isa = PBXShellScriptBuildPhase;
			buildActionMask = 2147483647;
			files = (
			);
			inputFileListPaths = (
				"${PODS_ROOT}/Target Support Files/Pods-Recipe Search-Recipe SearchUITests/Pods-Recipe Search-Recipe SearchUITests-frameworks-${CONFIGURATION}-input-files.xcfilelist",
			);
			name = "[CP] Embed Pods Frameworks";
			outputFileListPaths = (
				"${PODS_ROOT}/Target Support Files/Pods-Recipe Search-Recipe SearchUITests/Pods-Recipe Search-Recipe SearchUITests-frameworks-${CONFIGURATION}-output-files.xcfilelist",
			);
			runOnlyForDeploymentPostprocessing = 0;
			shellPath = /bin/sh;
			shellScript = "\"${PODS_ROOT}/Target Support Files/Pods-Recipe Search-Recipe SearchUITests/Pods-Recipe Search-Recipe SearchUITests-frameworks.sh\"\n";
			showEnvVarsInLog = 0;
		};
		BF26336B6F96FBD107FE3717 /* [CP] Check Pods Manifest.lock */ = {
			isa = PBXShellScriptBuildPhase;
			buildActionMask = 2147483647;
			files = (
			);
			inputFileListPaths = (
			);
			inputPaths = (
				"${PODS_PODFILE_DIR_PATH}/Podfile.lock",
				"${PODS_ROOT}/Manifest.lock",
			);
			name = "[CP] Check Pods Manifest.lock";
			outputFileListPaths = (
			);
			outputPaths = (
				"$(DERIVED_FILE_DIR)/Pods-Recipe Search-checkManifestLockResult.txt",
			);
			runOnlyForDeploymentPostprocessing = 0;
			shellPath = /bin/sh;
			shellScript = "diff \"${PODS_PODFILE_DIR_PATH}/Podfile.lock\" \"${PODS_ROOT}/Manifest.lock\" > /dev/null\nif [ $? != 0 ] ; then\n    # print error to STDERR\n    echo \"error: The sandbox is not in sync with the Podfile.lock. Run 'pod install' or update your CocoaPods installation.\" >&2\n    exit 1\nfi\n# This output is used by Xcode 'outputs' to avoid re-running this script phase.\necho \"SUCCESS\" > \"${SCRIPT_OUTPUT_FILE_0}\"\n";
			showEnvVarsInLog = 0;
		};
/* End PBXShellScriptBuildPhase section */

/* Begin PBXSourcesBuildPhase section */
		160A59D328B71FF300004C4F /* Sources */ = {
			isa = PBXSourcesBuildPhase;
			buildActionMask = 2147483647;
			files = (
				160A5A0D28B723FC00004C4F /* RecipesSearchViewController.swift in Sources */,
				160A5A1128B72A6500004C4F /* RecipeTableViewCell.swift in Sources */,
				160A59DB28B71FF300004C4F /* AppDelegate.swift in Sources */,
				1680606328B78A04003C8614 /* RecipeDetailsViewController.swift in Sources */,
				163CD6A628B9A51700D5A80D /* ViewController + Extention .swift in Sources */,
				160A5A2128B760E700004C4F /* RecipeSearchViewModel.swift in Sources */,
				160A5A1D28B75AE300004C4F /* RecipeSearch.swift in Sources */,
				160A5A1A28B73AC100004C4F /* NetworkServiceProtocol.swift in Sources */,
				1680606728B78D91003C8614 /* IngredientLinesTableViewCell.swift in Sources */,
				160A5A1628B73A9900004C4F /* APIClient.swift in Sources */,
				160A5A1828B73AA800004C4F /* EndPoints.swift in Sources */,
				160A59DD28B71FF300004C4F /* SceneDelegate.swift in Sources */,
			);
			runOnlyForDeploymentPostprocessing = 0;
		};
		160A59E928B71FF500004C4F /* Sources */ = {
			isa = PBXSourcesBuildPhase;
			buildActionMask = 2147483647;
			files = (
				160A59F228B71FF500004C4F /* Recipe_SearchTests.swift in Sources */,
			);
			runOnlyForDeploymentPostprocessing = 0;
		};
		160A59F328B71FF500004C4F /* Sources */ = {
			isa = PBXSourcesBuildPhase;
			buildActionMask = 2147483647;
			files = (
				160A59FE28B71FF500004C4F /* Recipe_SearchUITestsLaunchTests.swift in Sources */,
				160A59FC28B71FF500004C4F /* Recipe_SearchUITests.swift in Sources */,
			);
			runOnlyForDeploymentPostprocessing = 0;
		};
/* End PBXSourcesBuildPhase section */

/* Begin PBXTargetDependency section */
		160A59EF28B71FF500004C4F /* PBXTargetDependency */ = {
			isa = PBXTargetDependency;
			target = 160A59D628B71FF300004C4F /* Recipe Search */;
			targetProxy = 160A59EE28B71FF500004C4F /* PBXContainerItemProxy */;
		};
		160A59F928B71FF500004C4F /* PBXTargetDependency */ = {
			isa = PBXTargetDependency;
			target = 160A59D628B71FF300004C4F /* Recipe Search */;
			targetProxy = 160A59F828B71FF500004C4F /* PBXContainerItemProxy */;
		};
/* End PBXTargetDependency section */

/* Begin PBXVariantGroup section */
		160A59E028B71FF300004C4F /* Main.storyboard */ = {
			isa = PBXVariantGroup;
			children = (
				160A59E128B71FF300004C4F /* Base */,
			);
			name = Main.storyboard;
			sourceTree = "<group>";
		};
		160A59E528B71FF500004C4F /* LaunchScreen.storyboard */ = {
			isa = PBXVariantGroup;
			children = (
				160A59E628B71FF500004C4F /* Base */,
			);
			name = LaunchScreen.storyboard;
			sourceTree = "<group>";
		};
/* End PBXVariantGroup section */

/* Begin XCBuildConfiguration section */
		160A59FF28B71FF500004C4F /* Debug */ = {
			isa = XCBuildConfiguration;
			buildSettings = {
				ALWAYS_SEARCH_USER_PATHS = NO;
				CLANG_ANALYZER_NONNULL = YES;
				CLANG_ANALYZER_NUMBER_OBJECT_CONVERSION = YES_AGGRESSIVE;
				CLANG_CXX_LANGUAGE_STANDARD = "gnu++17";
				CLANG_CXX_LIBRARY = "libc++";
				CLANG_ENABLE_MODULES = YES;
				CLANG_ENABLE_OBJC_ARC = YES;
				CLANG_ENABLE_OBJC_WEAK = YES;
				CLANG_WARN_BLOCK_CAPTURE_AUTORELEASING = YES;
				CLANG_WARN_BOOL_CONVERSION = YES;
				CLANG_WARN_COMMA = YES;
				CLANG_WARN_CONSTANT_CONVERSION = YES;
				CLANG_WARN_DEPRECATED_OBJC_IMPLEMENTATIONS = YES;
				CLANG_WARN_DIRECT_OBJC_ISA_USAGE = YES_ERROR;
				CLANG_WARN_DOCUMENTATION_COMMENTS = YES;
				CLANG_WARN_EMPTY_BODY = YES;
				CLANG_WARN_ENUM_CONVERSION = YES;
				CLANG_WARN_INFINITE_RECURSION = YES;
				CLANG_WARN_INT_CONVERSION = YES;
				CLANG_WARN_NON_LITERAL_NULL_CONVERSION = YES;
				CLANG_WARN_OBJC_IMPLICIT_RETAIN_SELF = YES;
				CLANG_WARN_OBJC_LITERAL_CONVERSION = YES;
				CLANG_WARN_OBJC_ROOT_CLASS = YES_ERROR;
				CLANG_WARN_QUOTED_INCLUDE_IN_FRAMEWORK_HEADER = YES;
				CLANG_WARN_RANGE_LOOP_ANALYSIS = YES;
				CLANG_WARN_STRICT_PROTOTYPES = YES;
				CLANG_WARN_SUSPICIOUS_MOVE = YES;
				CLANG_WARN_UNGUARDED_AVAILABILITY = YES_AGGRESSIVE;
				CLANG_WARN_UNREACHABLE_CODE = YES;
				CLANG_WARN__DUPLICATE_METHOD_MATCH = YES;
				COPY_PHASE_STRIP = NO;
				DEBUG_INFORMATION_FORMAT = dwarf;
				ENABLE_STRICT_OBJC_MSGSEND = YES;
				ENABLE_TESTABILITY = YES;
				GCC_C_LANGUAGE_STANDARD = gnu11;
				GCC_DYNAMIC_NO_PIC = NO;
				GCC_NO_COMMON_BLOCKS = YES;
				GCC_OPTIMIZATION_LEVEL = 0;
				GCC_PREPROCESSOR_DEFINITIONS = (
					"DEBUG=1",
					"$(inherited)",
				);
				GCC_WARN_64_TO_32_BIT_CONVERSION = YES;
				GCC_WARN_ABOUT_RETURN_TYPE = YES_ERROR;
				GCC_WARN_UNDECLARED_SELECTOR = YES;
				GCC_WARN_UNINITIALIZED_AUTOS = YES_AGGRESSIVE;
				GCC_WARN_UNUSED_FUNCTION = YES;
				GCC_WARN_UNUSED_VARIABLE = YES;
				IPHONEOS_DEPLOYMENT_TARGET = 15.2;
				MTL_ENABLE_DEBUG_INFO = INCLUDE_SOURCE;
				MTL_FAST_MATH = YES;
				ONLY_ACTIVE_ARCH = YES;
				SDKROOT = iphoneos;
				SWIFT_ACTIVE_COMPILATION_CONDITIONS = DEBUG;
				SWIFT_OPTIMIZATION_LEVEL = "-Onone";
			};
			name = Debug;
		};
		160A5A0028B71FF500004C4F /* Release */ = {
			isa = XCBuildConfiguration;
			buildSettings = {
				ALWAYS_SEARCH_USER_PATHS = NO;
				CLANG_ANALYZER_NONNULL = YES;
				CLANG_ANALYZER_NUMBER_OBJECT_CONVERSION = YES_AGGRESSIVE;
				CLANG_CXX_LANGUAGE_STANDARD = "gnu++17";
				CLANG_CXX_LIBRARY = "libc++";
				CLANG_ENABLE_MODULES = YES;
				CLANG_ENABLE_OBJC_ARC = YES;
				CLANG_ENABLE_OBJC_WEAK = YES;
				CLANG_WARN_BLOCK_CAPTURE_AUTORELEASING = YES;
				CLANG_WARN_BOOL_CONVERSION = YES;
				CLANG_WARN_COMMA = YES;
				CLANG_WARN_CONSTANT_CONVERSION = YES;
				CLANG_WARN_DEPRECATED_OBJC_IMPLEMENTATIONS = YES;
				CLANG_WARN_DIRECT_OBJC_ISA_USAGE = YES_ERROR;
				CLANG_WARN_DOCUMENTATION_COMMENTS = YES;
				CLANG_WARN_EMPTY_BODY = YES;
				CLANG_WARN_ENUM_CONVERSION = YES;
				CLANG_WARN_INFINITE_RECURSION = YES;
				CLANG_WARN_INT_CONVERSION = YES;
				CLANG_WARN_NON_LITERAL_NULL_CONVERSION = YES;
				CLANG_WARN_OBJC_IMPLICIT_RETAIN_SELF = YES;
				CLANG_WARN_OBJC_LITERAL_CONVERSION = YES;
				CLANG_WARN_OBJC_ROOT_CLASS = YES_ERROR;
				CLANG_WARN_QUOTED_INCLUDE_IN_FRAMEWORK_HEADER = YES;
				CLANG_WARN_RANGE_LOOP_ANALYSIS = YES;
				CLANG_WARN_STRICT_PROTOTYPES = YES;
				CLANG_WARN_SUSPICIOUS_MOVE = YES;
				CLANG_WARN_UNGUARDED_AVAILABILITY = YES_AGGRESSIVE;
				CLANG_WARN_UNREACHABLE_CODE = YES;
				CLANG_WARN__DUPLICATE_METHOD_MATCH = YES;
				COPY_PHASE_STRIP = NO;
				DEBUG_INFORMATION_FORMAT = "dwarf-with-dsym";
				ENABLE_NS_ASSERTIONS = NO;
				ENABLE_STRICT_OBJC_MSGSEND = YES;
				GCC_C_LANGUAGE_STANDARD = gnu11;
				GCC_NO_COMMON_BLOCKS = YES;
				GCC_WARN_64_TO_32_BIT_CONVERSION = YES;
				GCC_WARN_ABOUT_RETURN_TYPE = YES_ERROR;
				GCC_WARN_UNDECLARED_SELECTOR = YES;
				GCC_WARN_UNINITIALIZED_AUTOS = YES_AGGRESSIVE;
				GCC_WARN_UNUSED_FUNCTION = YES;
				GCC_WARN_UNUSED_VARIABLE = YES;
				IPHONEOS_DEPLOYMENT_TARGET = 15.2;
				MTL_ENABLE_DEBUG_INFO = NO;
				MTL_FAST_MATH = YES;
				SDKROOT = iphoneos;
				SWIFT_COMPILATION_MODE = wholemodule;
				SWIFT_OPTIMIZATION_LEVEL = "-O";
				VALIDATE_PRODUCT = YES;
			};
			name = Release;
		};
		160A5A0228B71FF500004C4F /* Debug */ = {
			isa = XCBuildConfiguration;
			baseConfigurationReference = 038D99E94A7F5DA901FC65D1 /* Pods-Recipe Search.debug.xcconfig */;
			buildSettings = {
				ASSETCATALOG_COMPILER_APPICON_NAME = AppIcon;
				ASSETCATALOG_COMPILER_GLOBAL_ACCENT_COLOR_NAME = AccentColor;
				CODE_SIGN_STYLE = Automatic;
				CURRENT_PROJECT_VERSION = 1;
				GENERATE_INFOPLIST_FILE = YES;
				INFOPLIST_FILE = "Recipe Search/Info.plist";
				INFOPLIST_KEY_UIApplicationSupportsIndirectInputEvents = YES;
				INFOPLIST_KEY_UILaunchStoryboardName = LaunchScreen;
				INFOPLIST_KEY_UIMainStoryboardFile = Main;
				INFOPLIST_KEY_UISupportedInterfaceOrientations_iPad = "UIInterfaceOrientationPortrait UIInterfaceOrientationPortraitUpsideDown UIInterfaceOrientationLandscapeLeft UIInterfaceOrientationLandscapeRight";
				INFOPLIST_KEY_UISupportedInterfaceOrientations_iPhone = "UIInterfaceOrientationPortrait UIInterfaceOrientationLandscapeLeft UIInterfaceOrientationLandscapeRight";
				LD_RUNPATH_SEARCH_PATHS = (
					"$(inherited)",
					"@executable_path/Frameworks",
				);
				MARKETING_VERSION = 1.0;
				PRODUCT_BUNDLE_IDENTIFIER = "Hack.Recipe-Search";
				PRODUCT_NAME = "$(TARGET_NAME)";
				SWIFT_EMIT_LOC_STRINGS = YES;
				SWIFT_VERSION = 5.0;
				TARGETED_DEVICE_FAMILY = "1,2";
			};
			name = Debug;
		};
		160A5A0328B71FF500004C4F /* Release */ = {
			isa = XCBuildConfiguration;
			baseConfigurationReference = A3E4519AC29B9A63AED052F3 /* Pods-Recipe Search.release.xcconfig */;
			buildSettings = {
				ASSETCATALOG_COMPILER_APPICON_NAME = AppIcon;
				ASSETCATALOG_COMPILER_GLOBAL_ACCENT_COLOR_NAME = AccentColor;
				CODE_SIGN_STYLE = Automatic;
				CURRENT_PROJECT_VERSION = 1;
				GENERATE_INFOPLIST_FILE = YES;
				INFOPLIST_FILE = "Recipe Search/Info.plist";
				INFOPLIST_KEY_UIApplicationSupportsIndirectInputEvents = YES;
				INFOPLIST_KEY_UILaunchStoryboardName = LaunchScreen;
				INFOPLIST_KEY_UIMainStoryboardFile = Main;
				INFOPLIST_KEY_UISupportedInterfaceOrientations_iPad = "UIInterfaceOrientationPortrait UIInterfaceOrientationPortraitUpsideDown UIInterfaceOrientationLandscapeLeft UIInterfaceOrientationLandscapeRight";
				INFOPLIST_KEY_UISupportedInterfaceOrientations_iPhone = "UIInterfaceOrientationPortrait UIInterfaceOrientationLandscapeLeft UIInterfaceOrientationLandscapeRight";
				LD_RUNPATH_SEARCH_PATHS = (
					"$(inherited)",
					"@executable_path/Frameworks",
				);
				MARKETING_VERSION = 1.0;
				PRODUCT_BUNDLE_IDENTIFIER = "Hack.Recipe-Search";
				PRODUCT_NAME = "$(TARGET_NAME)";
				SWIFT_EMIT_LOC_STRINGS = YES;
				SWIFT_VERSION = 5.0;
				TARGETED_DEVICE_FAMILY = "1,2";
			};
			name = Release;
		};
		160A5A0528B71FF500004C4F /* Debug */ = {
			isa = XCBuildConfiguration;
			baseConfigurationReference = 55E7E2A46DDDF138B563A4D7 /* Pods-Recipe SearchTests.debug.xcconfig */;
			buildSettings = {
				ALWAYS_EMBED_SWIFT_STANDARD_LIBRARIES = YES;
				BUNDLE_LOADER = "$(TEST_HOST)";
				CODE_SIGN_STYLE = Automatic;
				CURRENT_PROJECT_VERSION = 1;
				GENERATE_INFOPLIST_FILE = YES;
				IPHONEOS_DEPLOYMENT_TARGET = 15.2;
				MARKETING_VERSION = 1.0;
				PRODUCT_BUNDLE_IDENTIFIER = "Hack.Recipe-SearchTests";
				PRODUCT_NAME = "$(TARGET_NAME)";
				SWIFT_EMIT_LOC_STRINGS = NO;
				SWIFT_VERSION = 5.0;
				TARGETED_DEVICE_FAMILY = "1,2";
				TEST_HOST = "$(BUILT_PRODUCTS_DIR)/Recipe Search.app/Recipe Search";
			};
			name = Debug;
		};
		160A5A0628B71FF500004C4F /* Release */ = {
			isa = XCBuildConfiguration;
			baseConfigurationReference = A19FE288718D4F02C0617A26 /* Pods-Recipe SearchTests.release.xcconfig */;
			buildSettings = {
				ALWAYS_EMBED_SWIFT_STANDARD_LIBRARIES = YES;
				BUNDLE_LOADER = "$(TEST_HOST)";
				CODE_SIGN_STYLE = Automatic;
				CURRENT_PROJECT_VERSION = 1;
				GENERATE_INFOPLIST_FILE = YES;
				IPHONEOS_DEPLOYMENT_TARGET = 15.2;
				MARKETING_VERSION = 1.0;
				PRODUCT_BUNDLE_IDENTIFIER = "Hack.Recipe-SearchTests";
				PRODUCT_NAME = "$(TARGET_NAME)";
				SWIFT_EMIT_LOC_STRINGS = NO;
				SWIFT_VERSION = 5.0;
				TARGETED_DEVICE_FAMILY = "1,2";
				TEST_HOST = "$(BUILT_PRODUCTS_DIR)/Recipe Search.app/Recipe Search";
			};
			name = Release;
		};
		160A5A0828B71FF500004C4F /* Debug */ = {
			isa = XCBuildConfiguration;
			baseConfigurationReference = 422CF0EE53D9DE094AD850F4 /* Pods-Recipe Search-Recipe SearchUITests.debug.xcconfig */;
			buildSettings = {
				ALWAYS_EMBED_SWIFT_STANDARD_LIBRARIES = YES;
				CODE_SIGN_STYLE = Automatic;
				CURRENT_PROJECT_VERSION = 1;
				GENERATE_INFOPLIST_FILE = YES;
				MARKETING_VERSION = 1.0;
				PRODUCT_BUNDLE_IDENTIFIER = "Hack.Recipe-SearchUITests";
				PRODUCT_NAME = "$(TARGET_NAME)";
				SWIFT_EMIT_LOC_STRINGS = NO;
				SWIFT_VERSION = 5.0;
				TARGETED_DEVICE_FAMILY = "1,2";
				TEST_TARGET_NAME = "Recipe Search";
			};
			name = Debug;
		};
		160A5A0928B71FF500004C4F /* Release */ = {
			isa = XCBuildConfiguration;
			baseConfigurationReference = DFBC365338C199735FF33D05 /* Pods-Recipe Search-Recipe SearchUITests.release.xcconfig */;
			buildSettings = {
				ALWAYS_EMBED_SWIFT_STANDARD_LIBRARIES = YES;
				CODE_SIGN_STYLE = Automatic;
				CURRENT_PROJECT_VERSION = 1;
				GENERATE_INFOPLIST_FILE = YES;
				MARKETING_VERSION = 1.0;
				PRODUCT_BUNDLE_IDENTIFIER = "Hack.Recipe-SearchUITests";
				PRODUCT_NAME = "$(TARGET_NAME)";
				SWIFT_EMIT_LOC_STRINGS = NO;
				SWIFT_VERSION = 5.0;
				TARGETED_DEVICE_FAMILY = "1,2";
				TEST_TARGET_NAME = "Recipe Search";
			};
			name = Release;
		};
/* End XCBuildConfiguration section */

/* Begin XCConfigurationList section */
		160A59D228B71FF300004C4F /* Build configuration list for PBXProject "Recipe Search" */ = {
			isa = XCConfigurationList;
			buildConfigurations = (
				160A59FF28B71FF500004C4F /* Debug */,
				160A5A0028B71FF500004C4F /* Release */,
			);
			defaultConfigurationIsVisible = 0;
			defaultConfigurationName = Release;
		};
		160A5A0128B71FF500004C4F /* Build configuration list for PBXNativeTarget "Recipe Search" */ = {
			isa = XCConfigurationList;
			buildConfigurations = (
				160A5A0228B71FF500004C4F /* Debug */,
				160A5A0328B71FF500004C4F /* Release */,
			);
			defaultConfigurationIsVisible = 0;
			defaultConfigurationName = Release;
		};
		160A5A0428B71FF500004C4F /* Build configuration list for PBXNativeTarget "Recipe SearchTests" */ = {
			isa = XCConfigurationList;
			buildConfigurations = (
				160A5A0528B71FF500004C4F /* Debug */,
				160A5A0628B71FF500004C4F /* Release */,
			);
			defaultConfigurationIsVisible = 0;
			defaultConfigurationName = Release;
		};
		160A5A0728B71FF500004C4F /* Build configuration list for PBXNativeTarget "Recipe SearchUITests" */ = {
			isa = XCConfigurationList;
			buildConfigurations = (
				160A5A0828B71FF500004C4F /* Debug */,
				160A5A0928B71FF500004C4F /* Release */,
			);
			defaultConfigurationIsVisible = 0;
			defaultConfigurationName = Release;
		};
/* End XCConfigurationList section */
	};
	rootObject = 160A59CF28B71FF300004C4F /* Project object */;
}
